
Microsoft Visual Studio Solution File, Format Version 12.00
# Visual Studio 15
VisualStudioVersion = 15.0.28307.645
MinimumVisualStudioVersion = 10.0.40219.1
Project("{8BC9CEB8-8B4A-11D0-8D11-00A0C91BC942}") = "Homography", "Homography\Homography.vcxproj", "{915774F4-A41A-43CE-B5F4-67C6DC2FACA4}"
EndProject
Global
	GlobalSection(SolutionConfigurationPlatforms) = preSolution
		Debug|x64 = Debug|x64
		Debug|x86 = Debug|x86
		Release|x64 = Release|x64
		Release|x86 = Release|x86
	EndGlobalSection
	GlobalSection(ProjectConfigurationPlatforms) = postSolution
		{915774F4-A41A-43CE-B5F4-67C6DC2FACA4}.Debug|x64.ActiveCfg = Debug|x64
		{915774F4-A41A-43CE-B5F4-67C6DC2FACA4}.Debug|x64.Build.0 = Debug|x64
		{915774F4-A41A-43CE-B5F4-67C6DC2FACA4}.Debug|x86.ActiveCfg = Debug|Win32
		{915774F4-A41A-43CE-B5F4-67C6DC2FACA4}.Debug|x86.Build.0 = Debug|Win32
		{915774F4-A41A-43CE-B5F4-67C6DC2FACA4}.Release|x64.ActiveCfg = Release|x64
		{915774F4-A41A-43CE-B5F4-67C6DC2FACA4}.Release|x64.Build.0 = Release|x64
		{915774F4-A41A-43CE-B5F4-67C6DC2FACA4}.Release|x86.ActiveCfg = Release|Win32
		{915774F4-A41A-43CE-B5F4-67C6DC2FACA4}.Release|x86.Build.0 = Release|Win32
	EndGlobalSection
	GlobalSection(SolutionProperties) = preSolution
		HideSolutionNode = FALSE
	EndGlobalSection
	GlobalSection(ExtensibilityGlobals) = postSolution
		SolutionGuid = {2E93A7BA-025D-438B-865B-35498B125003}
	EndGlobalSection
EndGlobal
